// !$*UTF8*$!
{
	archiveVersion = 1;
	classes = {
	};
	objectVersion = 46;
	objects = {

/* Begin PBXBuildFile section */
		4F8173711A0362FA0011D759 /* AppDelegate.swift in Sources */ = {isa = PBXBuildFile; fileRef = 4F8173701A0362FA0011D759 /* AppDelegate.swift */; };
		4F8173731A0362FB0011D759 /* ViewController.swift in Sources */ = {isa = PBXBuildFile; fileRef = 4F8173721A0362FB0011D759 /* ViewController.swift */; };
		4F8173761A0362FB0011D759 /* Main.storyboard in Resources */ = {isa = PBXBuildFile; fileRef = 4F8173741A0362FB0011D759 /* Main.storyboard */; };
		4F8173781A0362FB0011D759 /* Images.xcassets in Resources */ = {isa = PBXBuildFile; fileRef = 4F8173771A0362FB0011D759 /* Images.xcassets */; };
		4F81737B1A0362FB0011D759 /* LaunchScreen.xib in Resources */ = {isa = PBXBuildFile; fileRef = 4F8173791A0362FB0011D759 /* LaunchScreen.xib */; };
		4F8173871A0362FB0011D759 /* TypingBattleSwiftTests.swift in Sources */ = {isa = PBXBuildFile; fileRef = 4F8173861A0362FB0011D759 /* TypingBattleSwiftTests.swift */; };
/* End PBXBuildFile section */

/* Begin PBXContainerItemProxy section */
		4F8173811A0362FB0011D759 /* PBXContainerItemProxy */ = {
			isa = PBXContainerItemProxy;
			containerPortal = 4F8173631A0362FA0011D759 /* Project object */;
			proxyType = 1;
			remoteGlobalIDString = 4F81736A1A0362FA0011D759;
			remoteInfo = TypingBattleSwift;
		};
/* End PBXContainerItemProxy section */

/* Begin PBXFileReference section */
		4F81736B1A0362FA0011D759 /* TypingBattleSwift.app */ = {isa = PBXFileReference; explicitFileType = wrapper.application; includeInIndex = 0; path = TypingBattleSwift.app; sourceTree = BUILT_PRODUCTS_DIR; };
		4F81736F1A0362FA0011D759 /* Info.plist */ = {isa = PBXFileReference; lastKnownFileType = text.plist.xml; path = Info.plist; sourceTree = "<group>"; };
		4F8173701A0362FA0011D759 /* AppDelegate.swift */ = {isa = PBXFileReference; lastKnownFileType = sourcecode.swift; path = AppDelegate.swift; sourceTree = "<group>"; };
		4F8173721A0362FB0011D759 /* ViewController.swift */ = {isa = PBXFileReference; lastKnownFileType = sourcecode.swift; path = ViewController.swift; sourceTree = "<group>"; };
		4F8173751A0362FB0011D759 /* Base */ = {isa = PBXFileReference; lastKnownFileType = file.storyboard; name = Base; path = Base.lproj/Main.storyboard; sourceTree = "<group>"; };
		4F8173771A0362FB0011D759 /* Images.xcassets */ = {isa = PBXFileReference; lastKnownFileType = folder.assetcatalog; path = Images.xcassets; sourceTree = "<group>"; };
		4F81737A1A0362FB0011D759 /* Base */ = {isa = PBXFileReference; lastKnownFileType = file.xib; name = Base; path = Base.lproj/LaunchScreen.xib; sourceTree = "<group>"; };
		4F8173801A0362FB0011D759 /* TypingBattleSwiftTests.xctest */ = {isa = PBXFileReference; explicitFileType = wrapper.cfbundle; includeInIndex = 0; path = TypingBattleSwiftTests.xctest; sourceTree = BUILT_PRODUCTS_DIR; };
		4F8173851A0362FB0011D759 /* Info.plist */ = {isa = PBXFileReference; lastKnownFileType = text.plist.xml; path = Info.plist; sourceTree = "<group>"; };
		4F8173861A0362FB0011D759 /* TypingBattleSwiftTests.swift */ = {isa = PBXFileReference; lastKnownFileType = sourcecode.swift; path = TypingBattleSwiftTests.swift; sourceTree = "<group>"; };
/* End PBXFileReference section */

/* Begin PBXFrameworksBuildPhase section */
		4F8173681A0362FA0011D759 /* Frameworks */ = {
			isa = PBXFrameworksBuildPhase;
			buildActionMask = 2147483647;
			files = (
			);
			runOnlyForDeploymentPostprocessing = 0;
		};
		4F81737D1A0362FB0011D759 /* Frameworks */ = {
			isa = PBXFrameworksBuildPhase;
			buildActionMask = 2147483647;
			files = (
			);
			runOnlyForDeploymentPostprocessing = 0;
		};
/* End PBXFrameworksBuildPhase section */

/* Begin PBXGroup section */
		4F8173621A0362FA0011D759 = {
			isa = PBXGroup;
			children = (
				4F81736D1A0362FA0011D759 /* TypingBattleSwift */,
				4F8173831A0362FB0011D759 /* TypingBattleSwiftTests */,
				4F81736C1A0362FA0011D759 /* Products */,
			);
			sourceTree = "<group>";
		};
		4F81736C1A0362FA0011D759 /* Products */ = {
			isa = PBXGroup;
			children = (
				4F81736B1A0362FA0011D759 /* TypingBattleSwift.app */,
				4F8173801A0362FB0011D759 /* TypingBattleSwiftTests.xctest */,
			);
			name = Products;
			sourceTree = "<group>";
		};
		4F81736D1A0362FA0011D759 /* TypingBattleSwift */ = {
			isa = PBXGroup;
			children = (
				4F8173701A0362FA0011D759 /* AppDelegate.swift */,
				4F8173721A0362FB0011D759 /* ViewController.swift */,
				4F8173741A0362FB0011D759 /* Main.storyboard */,
				4F8173771A0362FB0011D759 /* Images.xcassets */,
				4F8173791A0362FB0011D759 /* LaunchScreen.xib */,
				4F81736E1A0362FA0011D759 /* Supporting Files */,
			);
			path = TypingBattleSwift;
			sourceTree = "<group>";
		};
		4F81736E1A0362FA0011D759 /* Supporting Files */ = {
			isa = PBXGroup;
			children = (
				4F81736F1A0362FA0011D759 /* Info.plist */,
			);
			name = "Supporting Files";
			sourceTree = "<group>";
		};
		4F8173831A0362FB0011D759 /* TypingBattleSwiftTests */ = {
			isa = PBXGroup;
			children = (
				4F8173861A0362FB0011D759 /* TypingBattleSwiftTests.swift */,
				4F8173841A0362FB0011D759 /* Supporting Files */,
			);
			path = TypingBattleSwiftTests;
			sourceTree = "<group>";
		};
		4F8173841A0362FB0011D759 /* Supporting Files */ = {
			isa = PBXGroup;
			children = (
				4F8173851A0362FB0011D759 /* Info.plist */,
			);
			name = "Supporting Files";
			sourceTree = "<group>";
		};
/* End PBXGroup section */

/* Begin PBXNativeTarget section */
		4F81736A1A0362FA0011D759 /* TypingBattleSwift */ = {
			isa = PBXNativeTarget;
			buildConfigurationList = 4F81738A1A0362FB0011D759 /* Build configuration list for PBXNativeTarget "TypingBattleSwift" */;
			buildPhases = (
				4F8173671A0362FA0011D759 /* Sources */,
				4F8173681A0362FA0011D759 /* Frameworks */,
				4F8173691A0362FA0011D759 /* Resources */,
			);
			buildRules = (
			);
			dependencies = (
			);
			name = TypingBattleSwift;
			productName = TypingBattleSwift;
			productReference = 4F81736B1A0362FA0011D759 /* TypingBattleSwift.app */;
			productType = "com.apple.product-type.application";
		};
		4F81737F1A0362FB0011D759 /* TypingBattleSwiftTests */ = {
			isa = PBXNativeTarget;
			buildConfigurationList = 4F81738D1A0362FB0011D759 /* Build configuration list for PBXNativeTarget "TypingBattleSwiftTests" */;
			buildPhases = (
				4F81737C1A0362FB0011D759 /* Sources */,
				4F81737D1A0362FB0011D759 /* Frameworks */,
				4F81737E1A0362FB0011D759 /* Resources */,
			);
			buildRules = (
			);
			dependencies = (
				4F8173821A0362FB0011D759 /* PBXTargetDependency */,
			);
			name = TypingBattleSwiftTests;
			productName = TypingBattleSwiftTests;
			productReference = 4F8173801A0362FB0011D759 /* TypingBattleSwiftTests.xctest */;
			productType = "com.apple.product-type.bundle.unit-test";
		};
/* End PBXNativeTarget section */

/* Begin PBXProject section */
		4F8173631A0362FA0011D759 /* Project object */ = {
			isa = PBXProject;
			attributes = {
				LastUpgradeCheck = 0610;
				ORGANIZATIONNAME = "KLab Cyscorpions, Inc.";
				TargetAttributes = {
					4F81736A1A0362FA0011D759 = {
						CreatedOnToolsVersion = 6.1;
					};
					4F81737F1A0362FB0011D759 = {
						CreatedOnToolsVersion = 6.1;
						TestTargetID = 4F81736A1A0362FA0011D759;
					};
				};
			};
			buildConfigurationList = 4F8173661A0362FA0011D759 /* Build configuration list for PBXProject "TypingBattleSwift" */;
			compatibilityVersion = "Xcode 3.2";
			developmentRegion = English;
			hasScannedForEncodings = 0;
			knownRegions = (
				en,
				Base,
			);
			mainGroup = 4F8173621A0362FA0011D759;
			productRefGroup = 4F81736C1A0362FA0011D759 /* Products */;
			projectDirPath = "";
			projectRoot = "";
			targets = (
				4F81736A1A0362FA0011D759 /* TypingBattleSwift */,
				4F81737F1A0362FB0011D759 /* TypingBattleSwiftTests */,
			);
		};
/* End PBXProject section */

/* Begin PBXResourcesBuildPhase section */
		4F8173691A0362FA0011D759 /* Resources */ = {
			isa = PBXResourcesBuildPhase;
			buildActionMask = 2147483647;
			files = (
				4F8173761A0362FB0011D759 /* Main.storyboard in Resources */,
				4F81737B1A0362FB0011D759 /* LaunchScreen.xib in Resources */,
				4F8173781A0362FB0011D759 /* Images.xcassets in Resources */,
			);
			runOnlyForDeploymentPostprocessing = 0;
		};
		4F81737E1A0362FB0011D759 /* Resources */ = {
			isa = PBXResourcesBuildPhase;
			buildActionMask = 2147483647;
			files = (
			);
			runOnlyForDeploymentPostprocessing = 0;
		};
/* End PBXResourcesBuildPhase section */

/* Begin PBXSourcesBuildPhase section */
		4F8173671A0362FA0011D759 /* Sources */ = {
			isa = PBXSourcesBuildPhase;
			buildActionMask = 2147483647;
			files = (
				4F8173731A0362FB0011D759 /* ViewController.swift in Sources */,
				4F8173711A0362FA0011D759 /* AppDelegate.swift in Sources */,
			);
			runOnlyForDeploymentPostprocessing = 0;
		};
		4F81737C1A0362FB0011D759 /* Sources */ = {
			isa = PBXSourcesBuildPhase;
			buildActionMask = 2147483647;
			files = (
				4F8173871A0362FB0011D759 /* TypingBattleSwiftTests.swift in Sources */,
			);
			runOnlyForDeploymentPostprocessing = 0;
		};
/* End PBXSourcesBuildPhase section */

/* Begin PBXTargetDependency section */
		4F8173821A0362FB0011D759 /* PBXTargetDependency */ = {
			isa = PBXTargetDependency;
			target = 4F81736A1A0362FA0011D759 /* TypingBattleSwift */;
			targetProxy = 4F8173811A0362FB0011D759 /* PBXContainerItemProxy */;
		};
/* End PBXTargetDependency section */

/* Begin PBXVariantGroup section */
		4F8173741A0362FB0011D759 /* Main.storyboard */ = {
			isa = PBXVariantGroup;
			children = (
				4F8173751A0362FB0011D759 /* Base */,
			);
			name = Main.storyboard;
			sourceTree = "<group>";
		};
		4F8173791A0362FB0011D759 /* LaunchScreen.xib */ = {
			isa = PBXVariantGroup;
			children = (
				4F81737A1A0362FB0011D759 /* Base */,
			);
			name = LaunchScreen.xib;
			sourceTree = "<group>";
		};
/* End PBXVariantGroup section */

/* Begin XCBuildConfiguration section */
		4F8173881A0362FB0011D759 /* Debug */ = {
			isa = XCBuildConfiguration;
			buildSettings = {
				ALWAYS_SEARCH_USER_PATHS = NO;
				CLANG_CXX_LANGUAGE_STANDARD = "gnu++0x";
				CLANG_CXX_LIBRARY = "libc++";
				CLANG_ENABLE_MODULES = YES;
				CLANG_ENABLE_OBJC_ARC = YES;
				CLANG_WARN_BOOL_CONVERSION = YES;
				CLANG_WARN_CONSTANT_CONVERSION = YES;
				CLANG_WARN_DIRECT_OBJC_ISA_USAGE = YES_ERROR;
				CLANG_WARN_EMPTY_BODY = YES;
				CLANG_WARN_ENUM_CONVERSION = YES;
				CLANG_WARN_INT_CONVERSION = YES;
				CLANG_WARN_OBJC_ROOT_CLASS = YES_ERROR;
				CLANG_WARN_UNREACHABLE_CODE = YES;
				CLANG_WARN__DUPLICATE_METHOD_MATCH = YES;
				"CODE_SIGN_IDENTITY[sdk=iphoneos*]" = "iPhone Developer";
				COPY_PHASE_STRIP = NO;
				ENABLE_STRICT_OBJC_MSGSEND = YES;
				GCC_C_LANGUAGE_STANDARD = gnu99;
				GCC_DYNAMIC_NO_PIC = NO;
				GCC_OPTIMIZATION_LEVEL = 0;
				GCC_PREPROCESSOR_DEFINITIONS = (
					"DEBUG=1",
					"$(inherited)",
				);
				GCC_SYMBOLS_PRIVATE_EXTERN = NO;
				GCC_WARN_64_TO_32_BIT_CONVERSION = YES;
				GCC_WARN_ABOUT_RETURN_TYPE = YES_ERROR;
				GCC_WARN_UNDECLARED_SELECTOR = YES;
				GCC_WARN_UNINITIALIZED_AUTOS = YES_AGGRESSIVE;
				GCC_WARN_UNUSED_FUNCTION = YES;
				GCC_WARN_UNUSED_VARIABLE = YES;
				IPHONEOS_DEPLOYMENT_TARGET = 8.1;
				MTL_ENABLE_DEBUG_INFO = YES;
				ONLY_ACTIVE_ARCH = YES;
				SDKROOT = iphoneos;
				SWIFT_OPTIMIZATION_LEVEL = "-Onone";
				TARGETED_DEVICE_FAMILY = "1,2";
			};
			name = Debug;
		};
		4F8173891A0362FB0011D759 /* Release */ = {
			isa = XCBuildConfiguration;
			buildSettings = {
				ALWAYS_SEARCH_USER_PATHS = NO;
				CLANG_CXX_LANGUAGE_STANDARD = "gnu++0x";
				CLANG_CXX_LIBRARY = "libc++";
				CLANG_ENABLE_MODULES = YES;
				CLANG_ENABLE_OBJC_ARC = YES;
				CLANG_WARN_BOOL_CONVERSION = YES;
				CLANG_WARN_CONSTANT_CONVERSION = YES;
				CLANG_WARN_DIRECT_OBJC_ISA_USAGE = YES_ERROR;
				CLANG_WARN_EMPTY_BODY = YES;
				CLANG_WARN_ENUM_CONVERSION = YES;
				CLANG_WARN_INT_CONVERSION = YES;
				CLANG_WARN_OBJC_ROOT_CLASS = YES_ERROR;
				CLANG_WARN_UNREACHABLE_CODE = YES;
				CLANG_WARN__DUPLICATE_METHOD_MATCH = YES;
				"CODE_SIGN_IDENTITY[sdk=iphoneos*]" = "iPhone Developer";
				COPY_PHASE_STRIP = YES;
				ENABLE_NS_ASSERTIONS = NO;
				ENABLE_STRICT_OBJC_MSGSEND = YES;
				GCC_C_LANGUAGE_STANDARD = gnu99;
				GCC_WARN_64_TO_32_BIT_CONVERSION = YES;
				GCC_WARN_ABOUT_RETURN_TYPE = YES_ERROR;
				GCC_WARN_UNDECLARED_SELECTOR = YES;
				GCC_WARN_UNINITIALIZED_AUTOS = YES_AGGRESSIVE;
				GCC_WARN_UNUSED_FUNCTION = YES;
				GCC_WARN_UNUSED_VARIABLE = YES;
				IPHONEOS_DEPLOYMENT_TARGET = 8.1;
				MTL_ENABLE_DEBUG_INFO = NO;
				SDKROOT = iphoneos;
				TARGETED_DEVICE_FAMILY = "1,2";
				VALIDATE_PRODUCT = YES;
			};
			name = Release;
		};
		4F81738B1A0362FB0011D759 /* Debug */ = {
			isa = XCBuildConfiguration;
			buildSettings = {
				ASSETCATALOG_COMPILER_APPICON_NAME = AppIcon;
				INFOPLIST_FILE = TypingBattleSwift/Info.plist;
				LD_RUNPATH_SEARCH_PATHS = "$(inherited) @executable_path/Frameworks";
				PRODUCT_NAME = "$(TARGET_NAME)";
			};
			name = Debug;
		};
		4F81738C1A0362FB0011D759 /* Release */ = {
			isa = XCBuildConfiguration;
			buildSettings = {
				ASSETCATALOG_COMPILER_APPICON_NAME = AppIcon;
				INFOPLIST_FILE = TypingBattleSwift/Info.plist;
				LD_RUNPATH_SEARCH_PATHS = "$(inherited) @executable_path/Frameworks";
				PRODUCT_NAME = "$(TARGET_NAME)";
			};
			name = Release;
		};
		4F81738E1A0362FB0011D759 /* Debug */ = {
			isa = XCBuildConfiguration;
			buildSettings = {
				BUNDLE_LOADER = "$(TEST_HOST)";
				FRAMEWORK_SEARCH_PATHS = (
					"$(SDKROOT)/Developer/Library/Frameworks",
					"$(inherited)",
				);
				GCC_PREPROCESSOR_DEFINITIONS = (
					"DEBUG=1",
					"$(inherited)",
				);
				INFOPLIST_FILE = TypingBattleSwiftTests/Info.plist;
				LD_RUNPATH_SEARCH_PATHS = "$(inherited) @executable_path/Frameworks @loader_path/Frameworks";
				PRODUCT_NAME = "$(TARGET_NAME)";
				TEST_HOST = "$(BUILT_PRODUCTS_DIR)/TypingBattleSwift.app/TypingBattleSwift";
			};
			name = Debug;
		};
		4F81738F1A0362FB0011D759 /* Release */ = {
			isa = XCBuildConfiguration;
			buildSettings = {
				BUNDLE_LOADER = "$(TEST_HOST)";
				FRAMEWORK_SEARCH_PATHS = (
					"$(SDKROOT)/Developer/Library/Frameworks",
					"$(inherited)",
				);
				INFOPLIST_FILE = TypingBattleSwiftTests/Info.plist;
				LD_RUNPATH_SEARCH_PATHS = "$(inherited) @executable_path/Frameworks @loader_path/Frameworks";
				PRODUCT_NAME = "$(TARGET_NAME)";
				TEST_HOST = "$(BUILT_PRODUCTS_DIR)/TypingBattleSwift.app/TypingBattleSwift";
			};
			name = Release;
		};
/* End XCBuildConfiguration section */

/* Begin XCConfigurationList section */
		4F8173661A0362FA0011D759 /* Build configuration list for PBXProject "TypingBattleSwift" */ = {
			isa = XCConfigurationList;
			buildConfigurations = (
				4F8173881A0362FB0011D759 /* Debug */,
				4F8173891A0362FB0011D759 /* Release */,
			);
			defaultConfigurationIsVisible = 0;
			defaultConfigurationName = Release;
		};
		4F81738A1A0362FB0011D759 /* Build configuration list for PBXNativeTarget "TypingBattleSwift" */ = {
			isa = XCConfigurationList;
			buildConfigurations = (
				4F81738B1A0362FB0011D759 /* Debug */,
				4F81738C1A0362FB0011D759 /* Release */,
			);
			defaultConfigurationIsVisible = 0;
		};
		4F81738D1A0362FB0011D759 /* Build configuration list for PBXNativeTarget "TypingBattleSwiftTests" */ = {
			isa = XCConfigurationList;
			buildConfigurations = (
				4F81738E1A0362FB0011D759 /* Debug */,
				4F81738F1A0362FB0011D759 /* Release */,
			);
			defaultConfigurationIsVisible = 0;
		};
/* End XCConfigurationList section */
	};
	rootObject = 4F8173631A0362FA0011D759 /* Project object */;
}
